
Microsoft Visual Studio Solution File, Format Version 12.00
# Visual Studio Version 17
VisualStudioVersion = 17.0.32126.317
MinimumVisualStudioVersion = 10.0.40219.1
Project("{FAE04EC0-301F-11D3-BF4B-00C04F79EFBC}") = "CodeContractsFullApp", "CodeContractsFullApp\CodeContractsFullApp.csproj", "{D9800276-170D-4F38-ADC9-74ACA53910F3}"
EndProject
Project("{2150E333-8FDC-42A3-9474-1A3956D46DE8}") = "Solution Items", "Solution Items", "{1E454657-3646-4B65-BB57-3592FC316CE1}"
	ProjectSection(SolutionItems) = preProject
		README.md = README.md
	EndProjectSection
EndProject
Project("{9A19103F-16F7-4668-BE54-9A1E7A4F7556}") = "GuardClausesCoreApp", "GuardClausesCoreApp\GuardClausesCoreApp.csproj", "{7F52023B-89AA-4F4F-8111-29B54E38136F}"
EndProject
Project("{9A19103F-16F7-4668-BE54-9A1E7A4F7556}") = "LightGuardClausesCoreApp", "LightGuardClausesCoreApp\LightGuardClausesCoreApp.csproj", "{A57FD2A3-6586-4CB0-9DC7-6EFEE154114D}"
EndProject
Project("{9A19103F-16F7-4668-BE54-9A1E7A4F7556}") = "PitcherCoreApp", "PitcherCoreApp\PitcherCoreApp.csproj", "{01ECC25F-8544-4D38-B845-C916C56CDECB}"
EndProject
Project("{9A19103F-16F7-4668-BE54-9A1E7A4F7556}") = "EnsureThatCoreApp", "EnsureThatCoreApp\EnsureThatCoreApp.csproj", "{98E81CCE-C018-4F36-AC34-78727839704E}"
EndProject
Project("{9A19103F-16F7-4668-BE54-9A1E7A4F7556}") = "DawnGuardCoreApp", "DawnGuardCoreApp\DawnGuardCoreApp.csproj", "{C0FA3089-C7BA-4DE8-AB02-1B115B21ECC0}"
EndProject
Project("{FAE04EC0-301F-11D3-BF4B-00C04F79EFBC}") = "ThrowCoreApp", "ThrowCoreApp\ThrowCoreApp.csproj", "{42A13D6E-68E3-4FB3-829A-53D4301FEEC5}"
EndProject
Global
	GlobalSection(SolutionConfigurationPlatforms) = preSolution
		Debug|Any CPU = Debug|Any CPU
		Release|Any CPU = Release|Any CPU
	EndGlobalSection
	GlobalSection(ProjectConfigurationPlatforms) = postSolution
		{D9800276-170D-4F38-ADC9-74ACA53910F3}.Debug|Any CPU.ActiveCfg = Debug|Any CPU
		{D9800276-170D-4F38-ADC9-74ACA53910F3}.Debug|Any CPU.Build.0 = Debug|Any CPU
		{D9800276-170D-4F38-ADC9-74ACA53910F3}.Release|Any CPU.ActiveCfg = Release|Any CPU
		{D9800276-170D-4F38-ADC9-74ACA53910F3}.Release|Any CPU.Build.0 = Release|Any CPU
		{7F52023B-89AA-4F4F-8111-29B54E38136F}.Debug|Any CPU.ActiveCfg = Debug|Any CPU
		{7F52023B-89AA-4F4F-8111-29B54E38136F}.Debug|Any CPU.Build.0 = Debug|Any CPU
		{7F52023B-89AA-4F4F-8111-29B54E38136F}.Release|Any CPU.ActiveCfg = Release|Any CPU
		{7F52023B-89AA-4F4F-8111-29B54E38136F}.Release|Any CPU.Build.0 = Release|Any CPU
		{A57FD2A3-6586-4CB0-9DC7-6EFEE154114D}.Debug|Any CPU.ActiveCfg = Debug|Any CPU
		{A57FD2A3-6586-4CB0-9DC7-6EFEE154114D}.Debug|Any CPU.Build.0 = Debug|Any CPU
		{A57FD2A3-6586-4CB0-9DC7-6EFEE154114D}.Release|Any CPU.ActiveCfg = Release|Any CPU
		{A57FD2A3-6586-4CB0-9DC7-6EFEE154114D}.Release|Any CPU.Build.0 = Release|Any CPU
		{01ECC25F-8544-4D38-B845-C916C56CDECB}.Debug|Any CPU.ActiveCfg = Debug|Any CPU
		{01ECC25F-8544-4D38-B845-C916C56CDECB}.Debug|Any CPU.Build.0 = Debug|Any CPU
		{01ECC25F-8544-4D38-B845-C916C56CDECB}.Release|Any CPU.ActiveCfg = Release|Any CPU
		{01ECC25F-8544-4D38-B845-C916C56CDECB}.Release|Any CPU.Build.0 = Release|Any CPU
		{98E81CCE-C018-4F36-AC34-78727839704E}.Debug|Any CPU.ActiveCfg = Debug|Any CPU
		{98E81CCE-C018-4F36-AC34-78727839704E}.Debug|Any CPU.Build.0 = Debug|Any CPU
		{98E81CCE-C018-4F36-AC34-78727839704E}.Release|Any CPU.ActiveCfg = Release|Any CPU
		{98E81CCE-C018-4F36-AC34-78727839704E}.Release|Any CPU.Build.0 = Release|Any CPU
		{C0FA3089-C7BA-4DE8-AB02-1B115B21ECC0}.Debug|Any CPU.ActiveCfg = Debug|Any CPU
		{C0FA3089-C7BA-4DE8-AB02-1B115B21ECC0}.Debug|Any CPU.Build.0 = Debug|Any CPU
		{C0FA3089-C7BA-4DE8-AB02-1B115B21ECC0}.Release|Any CPU.ActiveCfg = Release|Any CPU
		{C0FA3089-C7BA-4DE8-AB02-1B115B21ECC0}.Release|Any CPU.Build.0 = Release|Any CPU
		{42A13D6E-68E3-4FB3-829A-53D4301FEEC5}.Debug|Any CPU.ActiveCfg = Debug|Any CPU
		{42A13D6E-68E3-4FB3-829A-53D4301FEEC5}.Debug|Any CPU.Build.0 = Debug|Any CPU
		{42A13D6E-68E3-4FB3-829A-53D4301FEEC5}.Release|Any CPU.ActiveCfg = Release|Any CPU
		{42A13D6E-68E3-4FB3-829A-53D4301FEEC5}.Release|Any CPU.Build.0 = Release|Any CPU
	EndGlobalSection
	GlobalSection(SolutionProperties) = preSolution
		HideSolutionNode = FALSE
	EndGlobalSection
	GlobalSection(ExtensibilityGlobals) = postSolution
		SolutionGuid = {BFF3CAB2-FCF5-4DDE-8A41-23781B4939F9}
	EndGlobalSection
EndGlobal
