
Microsoft Visual Studio Solution File, Format Version 12.00
# Visual Studio Version 16
VisualStudioVersion = 16.0.30002.166
MinimumVisualStudioVersion = 10.0.40219.1
Project("{FAE04EC0-301F-11D3-BF4B-00C04F79EFBC}") = "CodeContractsFullApp", "CodeContractsFullApp\CodeContractsFullApp.csproj", "{D9800276-170D-4F38-ADC9-74ACA53910F3}"
EndProject
Project("{2150E333-8FDC-42A3-9474-1A3956D46DE8}") = "Solution Items", "Solution Items", "{1E454657-3646-4B65-BB57-3592FC316CE1}"
	ProjectSection(SolutionItems) = preProject
		README.md = README.md
	EndProjectSection
EndProject
Global
	GlobalSection(SolutionConfigurationPlatforms) = preSolution
		Debug|Any CPU = Debug|Any CPU
		Release|Any CPU = Release|Any CPU
	EndGlobalSection
	GlobalSection(ProjectConfigurationPlatforms) = postSolution
		{D9800276-170D-4F38-ADC9-74ACA53910F3}.Debug|Any CPU.ActiveCfg = Debug|Any CPU
		{D9800276-170D-4F38-ADC9-74ACA53910F3}.Debug|Any CPU.Build.0 = Debug|Any CPU
		{D9800276-170D-4F38-ADC9-74ACA53910F3}.Release|Any CPU.ActiveCfg = Release|Any CPU
		{D9800276-170D-4F38-ADC9-74ACA53910F3}.Release|Any CPU.Build.0 = Release|Any CPU
	EndGlobalSection
	GlobalSection(SolutionProperties) = preSolution
		HideSolutionNode = FALSE
	EndGlobalSection
	GlobalSection(ExtensibilityGlobals) = postSolution
		SolutionGuid = {BFF3CAB2-FCF5-4DDE-8A41-23781B4939F9}
	EndGlobalSection
EndGlobal
